// !$*UTF8*$!
{
	archiveVersion = 1;
	classes = {
	};
	objectVersion = 50;
	objects = {

/* Begin PBXBuildFile section */
		6262027C217821E900DD07FD /* AppDelegate.m in Sources */ = {isa = PBXBuildFile; fileRef = 6262027B217821E900DD07FD /* AppDelegate.m */; };
		6262027F217821E900DD07FD /* ViewController.m in Sources */ = {isa = PBXBuildFile; fileRef = 6262027E217821E900DD07FD /* ViewController.m */; };
		62620282217821E900DD07FD /* Main.storyboard in Resources */ = {isa = PBXBuildFile; fileRef = 62620280217821E900DD07FD /* Main.storyboard */; };
		62620284217821EB00DD07FD /* Assets.xcassets in Resources */ = {isa = PBXBuildFile; fileRef = 62620283217821EB00DD07FD /* Assets.xcassets */; };
		62620287217821EB00DD07FD /* LaunchScreen.storyboard in Resources */ = {isa = PBXBuildFile; fileRef = 62620285217821EB00DD07FD /* LaunchScreen.storyboard */; };
		6262028A217821EB00DD07FD /* main.m in Sources */ = {isa = PBXBuildFile; fileRef = 62620289217821EB00DD07FD /* main.m */; };
		626202922178263A00DD07FD /* WebViewVC.m in Sources */ = {isa = PBXBuildFile; fileRef = 626202912178263A00DD07FD /* WebViewVC.m */; };
		62620295217826CC00DD07FD /* WebShareView.m in Sources */ = {isa = PBXBuildFile; fileRef = 62620294217826CC00DD07FD /* WebShareView.m */; };
		62620298217829A800DD07FD /* CreateUIFactory.m in Sources */ = {isa = PBXBuildFile; fileRef = 62620297217829A800DD07FD /* CreateUIFactory.m */; };
/* End PBXBuildFile section */

/* Begin PBXFileReference section */
		62620277217821E900DD07FD /* WebViewShareFile.app */ = {isa = PBXFileReference; explicitFileType = wrapper.application; includeInIndex = 0; path = WebViewShareFile.app; sourceTree = BUILT_PRODUCTS_DIR; };
		6262027A217821E900DD07FD /* AppDelegate.h */ = {isa = PBXFileReference; lastKnownFileType = sourcecode.c.h; path = AppDelegate.h; sourceTree = "<group>"; };
		6262027B217821E900DD07FD /* AppDelegate.m */ = {isa = PBXFileReference; lastKnownFileType = sourcecode.c.objc; path = AppDelegate.m; sourceTree = "<group>"; };
		6262027D217821E900DD07FD /* ViewController.h */ = {isa = PBXFileReference; lastKnownFileType = sourcecode.c.h; path = ViewController.h; sourceTree = "<group>"; };
		6262027E217821E900DD07FD /* ViewController.m */ = {isa = PBXFileReference; lastKnownFileType = sourcecode.c.objc; path = ViewController.m; sourceTree = "<group>"; };
		62620281217821E900DD07FD /* Base */ = {isa = PBXFileReference; lastKnownFileType = file.storyboard; name = Base; path = Base.lproj/Main.storyboard; sourceTree = "<group>"; };
		62620283217821EB00DD07FD /* Assets.xcassets */ = {isa = PBXFileReference; lastKnownFileType = folder.assetcatalog; path = Assets.xcassets; sourceTree = "<group>"; };
		62620286217821EB00DD07FD /* Base */ = {isa = PBXFileReference; lastKnownFileType = file.storyboard; name = Base; path = Base.lproj/LaunchScreen.storyboard; sourceTree = "<group>"; };
		62620288217821EB00DD07FD /* Info.plist */ = {isa = PBXFileReference; lastKnownFileType = text.plist.xml; path = Info.plist; sourceTree = "<group>"; };
		62620289217821EB00DD07FD /* main.m */ = {isa = PBXFileReference; lastKnownFileType = sourcecode.c.objc; path = main.m; sourceTree = "<group>"; };
		626202902178263A00DD07FD /* WebViewVC.h */ = {isa = PBXFileReference; lastKnownFileType = sourcecode.c.h; path = WebViewVC.h; sourceTree = "<group>"; };
		626202912178263A00DD07FD /* WebViewVC.m */ = {isa = PBXFileReference; lastKnownFileType = sourcecode.c.objc; path = WebViewVC.m; sourceTree = "<group>"; };
		62620293217826CC00DD07FD /* WebShareView.h */ = {isa = PBXFileReference; lastKnownFileType = sourcecode.c.h; path = WebShareView.h; sourceTree = "<group>"; };
		62620294217826CC00DD07FD /* WebShareView.m */ = {isa = PBXFileReference; lastKnownFileType = sourcecode.c.objc; path = WebShareView.m; sourceTree = "<group>"; };
		62620296217829A800DD07FD /* CreateUIFactory.h */ = {isa = PBXFileReference; lastKnownFileType = sourcecode.c.h; path = CreateUIFactory.h; sourceTree = "<group>"; };
		62620297217829A800DD07FD /* CreateUIFactory.m */ = {isa = PBXFileReference; lastKnownFileType = sourcecode.c.objc; path = CreateUIFactory.m; sourceTree = "<group>"; };
/* End PBXFileReference section */

/* Begin PBXFrameworksBuildPhase section */
		62620274217821E900DD07FD /* Frameworks */ = {
			isa = PBXFrameworksBuildPhase;
			buildActionMask = 2147483647;
			files = (
			);
			runOnlyForDeploymentPostprocessing = 0;
		};
/* End PBXFrameworksBuildPhase section */

/* Begin PBXGroup section */
		6262026E217821E900DD07FD = {
			isa = PBXGroup;
			children = (
				62620279217821E900DD07FD /* WebViewShareFile */,
				62620278217821E900DD07FD /* Products */,
			);
			sourceTree = "<group>";
		};
		62620278217821E900DD07FD /* Products */ = {
			isa = PBXGroup;
			children = (
				62620277217821E900DD07FD /* WebViewShareFile.app */,
			);
			name = Products;
			sourceTree = "<group>";
		};
		62620279217821E900DD07FD /* WebViewShareFile */ = {
			isa = PBXGroup;
			children = (
				6262027A217821E900DD07FD /* AppDelegate.h */,
				6262027B217821E900DD07FD /* AppDelegate.m */,
				6262027D217821E900DD07FD /* ViewController.h */,
				6262027E217821E900DD07FD /* ViewController.m */,
				62620280217821E900DD07FD /* Main.storyboard */,
				62620283217821EB00DD07FD /* Assets.xcassets */,
				62620285217821EB00DD07FD /* LaunchScreen.storyboard */,
				62620288217821EB00DD07FD /* Info.plist */,
				62620289217821EB00DD07FD /* main.m */,
				626202902178263A00DD07FD /* WebViewVC.h */,
				626202912178263A00DD07FD /* WebViewVC.m */,
				62620293217826CC00DD07FD /* WebShareView.h */,
				62620294217826CC00DD07FD /* WebShareView.m */,
				62620296217829A800DD07FD /* CreateUIFactory.h */,
				62620297217829A800DD07FD /* CreateUIFactory.m */,
			);
			path = WebViewShareFile;
			sourceTree = "<group>";
		};
/* End PBXGroup section */

/* Begin PBXNativeTarget section */
		62620276217821E900DD07FD /* WebViewShareFile */ = {
			isa = PBXNativeTarget;
			buildConfigurationList = 6262028D217821EB00DD07FD /* Build configuration list for PBXNativeTarget "WebViewShareFile" */;
			buildPhases = (
				62620273217821E900DD07FD /* Sources */,
				62620274217821E900DD07FD /* Frameworks */,
				62620275217821E900DD07FD /* Resources */,
			);
			buildRules = (
			);
			dependencies = (
			);
			name = WebViewShareFile;
			productName = WebViewShareFile;
			productReference = 62620277217821E900DD07FD /* WebViewShareFile.app */;
			productType = "com.apple.product-type.application";
		};
/* End PBXNativeTarget section */

/* Begin PBXProject section */
		6262026F217821E900DD07FD /* Project object */ = {
			isa = PBXProject;
			attributes = {
				LastUpgradeCheck = 1000;
				ORGANIZATIONNAME = reason;
				TargetAttributes = {
					62620276217821E900DD07FD = {
						CreatedOnToolsVersion = 10.0;
					};
				};
			};
			buildConfigurationList = 62620272217821E900DD07FD /* Build configuration list for PBXProject "WebViewShareFile" */;
			compatibilityVersion = "Xcode 9.3";
			developmentRegion = en;
			hasScannedForEncodings = 0;
			knownRegions = (
				en,
				Base,
			);
			mainGroup = 6262026E217821E900DD07FD;
			productRefGroup = 62620278217821E900DD07FD /* Products */;
			projectDirPath = "";
			projectRoot = "";
			targets = (
				62620276217821E900DD07FD /* WebViewShareFile */,
			);
		};
/* End PBXProject section */

/* Begin PBXResourcesBuildPhase section */
		62620275217821E900DD07FD /* Resources */ = {
			isa = PBXResourcesBuildPhase;
			buildActionMask = 2147483647;
			files = (
				62620287217821EB00DD07FD /* LaunchScreen.storyboard in Resources */,
				62620284217821EB00DD07FD /* Assets.xcassets in Resources */,
				62620282217821E900DD07FD /* Main.storyboard in Resources */,
			);
			runOnlyForDeploymentPostprocessing = 0;
		};
/* End PBXResourcesBuildPhase section */

/* Begin PBXSourcesBuildPhase section */
		62620273217821E900DD07FD /* Sources */ = {
			isa = PBXSourcesBuildPhase;
			buildActionMask = 2147483647;
			files = (
				626202922178263A00DD07FD /* WebViewVC.m in Sources */,
				6262027F217821E900DD07FD /* ViewController.m in Sources */,
				6262028A217821EB00DD07FD /* main.m in Sources */,
				6262027C217821E900DD07FD /* AppDelegate.m in Sources */,
				62620298217829A800DD07FD /* CreateUIFactory.m in Sources */,
				62620295217826CC00DD07FD /* WebShareView.m in Sources */,
			);
			runOnlyForDeploymentPostprocessing = 0;
		};
/* End PBXSourcesBuildPhase section */

/* Begin PBXVariantGroup section */
		62620280217821E900DD07FD /* Main.storyboard */ = {
			isa = PBXVariantGroup;
			children = (
				62620281217821E900DD07FD /* Base */,
			);
			name = Main.storyboard;
			sourceTree = "<group>";
		};
		62620285217821EB00DD07FD /* LaunchScreen.storyboard */ = {
			isa = PBXVariantGroup;
			children = (
				62620286217821EB00DD07FD /* Base */,
			);
			name = LaunchScreen.storyboard;
			sourceTree = "<group>";
		};
/* End PBXVariantGroup section */

/* Begin XCBuildConfiguration section */
		6262028B217821EB00DD07FD /* Debug */ = {
			isa = XCBuildConfiguration;
			buildSettings = {
				ALWAYS_SEARCH_USER_PATHS = NO;
				CLANG_ANALYZER_NONNULL = YES;
				CLANG_ANALYZER_NUMBER_OBJECT_CONVERSION = YES_AGGRESSIVE;
				CLANG_CXX_LANGUAGE_STANDARD = "gnu++14";
				CLANG_CXX_LIBRARY = "libc++";
				CLANG_ENABLE_MODULES = YES;
				CLANG_ENABLE_OBJC_ARC = YES;
				CLANG_ENABLE_OBJC_WEAK = YES;
				CLANG_WARN_BLOCK_CAPTURE_AUTORELEASING = YES;
				CLANG_WARN_BOOL_CONVERSION = YES;
				CLANG_WARN_COMMA = YES;
				CLANG_WARN_CONSTANT_CONVERSION = YES;
				CLANG_WARN_DEPRECATED_OBJC_IMPLEMENTATIONS = YES;
				CLANG_WARN_DIRECT_OBJC_ISA_USAGE = YES_ERROR;
				CLANG_WARN_DOCUMENTATION_COMMENTS = YES;
				CLANG_WARN_EMPTY_BODY = YES;
				CLANG_WARN_ENUM_CONVERSION = YES;
				CLANG_WARN_INFINITE_RECURSION = YES;
				CLANG_WARN_INT_CONVERSION = YES;
				CLANG_WARN_NON_LITERAL_NULL_CONVERSION = YES;
				CLANG_WARN_OBJC_IMPLICIT_RETAIN_SELF = YES;
				CLANG_WARN_OBJC_LITERAL_CONVERSION = YES;
				CLANG_WARN_OBJC_ROOT_CLASS = YES_ERROR;
				CLANG_WARN_RANGE_LOOP_ANALYSIS = YES;
				CLANG_WARN_STRICT_PROTOTYPES = YES;
				CLANG_WARN_SUSPICIOUS_MOVE = YES;
				CLANG_WARN_UNGUARDED_AVAILABILITY = YES_AGGRESSIVE;
				CLANG_WARN_UNREACHABLE_CODE = YES;
				CLANG_WARN__DUPLICATE_METHOD_MATCH = YES;
				CODE_SIGN_IDENTITY = "iPhone Developer";
				COPY_PHASE_STRIP = NO;
				DEBUG_INFORMATION_FORMAT = dwarf;
				ENABLE_STRICT_OBJC_MSGSEND = YES;
				ENABLE_TESTABILITY = YES;
				GCC_C_LANGUAGE_STANDARD = gnu11;
				GCC_DYNAMIC_NO_PIC = NO;
				GCC_NO_COMMON_BLOCKS = YES;
				GCC_OPTIMIZATION_LEVEL = 0;
				GCC_PREPROCESSOR_DEFINITIONS = (
					"DEBUG=1",
					"$(inherited)",
				);
				GCC_WARN_64_TO_32_BIT_CONVERSION = YES;
				GCC_WARN_ABOUT_RETURN_TYPE = YES_ERROR;
				GCC_WARN_UNDECLARED_SELECTOR = YES;
				GCC_WARN_UNINITIALIZED_AUTOS = YES_AGGRESSIVE;
				GCC_WARN_UNUSED_FUNCTION = YES;
				GCC_WARN_UNUSED_VARIABLE = YES;
				IPHONEOS_DEPLOYMENT_TARGET = 12.0;
				MTL_ENABLE_DEBUG_INFO = INCLUDE_SOURCE;
				MTL_FAST_MATH = YES;
				ONLY_ACTIVE_ARCH = YES;
				SDKROOT = iphoneos;
			};
			name = Debug;
		};
		6262028C217821EB00DD07FD /* Release */ = {
			isa = XCBuildConfiguration;
			buildSettings = {
				ALWAYS_SEARCH_USER_PATHS = NO;
				CLANG_ANALYZER_NONNULL = YES;
				CLANG_ANALYZER_NUMBER_OBJECT_CONVERSION = YES_AGGRESSIVE;
				CLANG_CXX_LANGUAGE_STANDARD = "gnu++14";
				CLANG_CXX_LIBRARY = "libc++";
				CLANG_ENABLE_MODULES = YES;
				CLANG_ENABLE_OBJC_ARC = YES;
				CLANG_ENABLE_OBJC_WEAK = YES;
				CLANG_WARN_BLOCK_CAPTURE_AUTORELEASING = YES;
				CLANG_WARN_BOOL_CONVERSION = YES;
				CLANG_WARN_COMMA = YES;
				CLANG_WARN_CONSTANT_CONVERSION = YES;
				CLANG_WARN_DEPRECATED_OBJC_IMPLEMENTATIONS = YES;
				CLANG_WARN_DIRECT_OBJC_ISA_USAGE = YES_ERROR;
				CLANG_WARN_DOCUMENTATION_COMMENTS = YES;
				CLANG_WARN_EMPTY_BODY = YES;
				CLANG_WARN_ENUM_CONVERSION = YES;
				CLANG_WARN_INFINITE_RECURSION = YES;
				CLANG_WARN_INT_CONVERSION = YES;
				CLANG_WARN_NON_LITERAL_NULL_CONVERSION = YES;
				CLANG_WARN_OBJC_IMPLICIT_RETAIN_SELF = YES;
				CLANG_WARN_OBJC_LITERAL_CONVERSION = YES;
				CLANG_WARN_OBJC_ROOT_CLASS = YES_ERROR;
				CLANG_WARN_RANGE_LOOP_ANALYSIS = YES;
				CLANG_WARN_STRICT_PROTOTYPES = YES;
				CLANG_WARN_SUSPICIOUS_MOVE = YES;
				CLANG_WARN_UNGUARDED_AVAILABILITY = YES_AGGRESSIVE;
				CLANG_WARN_UNREACHABLE_CODE = YES;
				CLANG_WARN__DUPLICATE_METHOD_MATCH = YES;
				CODE_SIGN_IDENTITY = "iPhone Developer";
				COPY_PHASE_STRIP = NO;
				DEBUG_INFORMATION_FORMAT = "dwarf-with-dsym";
				ENABLE_NS_ASSERTIONS = NO;
				ENABLE_STRICT_OBJC_MSGSEND = YES;
				GCC_C_LANGUAGE_STANDARD = gnu11;
				GCC_NO_COMMON_BLOCKS = YES;
				GCC_WARN_64_TO_32_BIT_CONVERSION = YES;
				GCC_WARN_ABOUT_RETURN_TYPE = YES_ERROR;
				GCC_WARN_UNDECLARED_SELECTOR = YES;
				GCC_WARN_UNINITIALIZED_AUTOS = YES_AGGRESSIVE;
				GCC_WARN_UNUSED_FUNCTION = YES;
				GCC_WARN_UNUSED_VARIABLE = YES;
				IPHONEOS_DEPLOYMENT_TARGET = 12.0;
				MTL_ENABLE_DEBUG_INFO = NO;
				MTL_FAST_MATH = YES;
				SDKROOT = iphoneos;
				VALIDATE_PRODUCT = YES;
			};
			name = Release;
		};
		6262028E217821EB00DD07FD /* Debug */ = {
			isa = XCBuildConfiguration;
			buildSettings = {
				ASSETCATALOG_COMPILER_APPICON_NAME = AppIcon;
				CODE_SIGN_STYLE = Automatic;
				DEVELOPMENT_TEAM = BXYZ6UQ8JY;
				INFOPLIST_FILE = WebViewShareFile/Info.plist;
				LD_RUNPATH_SEARCH_PATHS = (
					"$(inherited)",
					"@executable_path/Frameworks",
				);
				PRODUCT_BUNDLE_IDENTIFIER = Reason.WebViewShareFile;
				PRODUCT_NAME = "$(TARGET_NAME)";
				TARGETED_DEVICE_FAMILY = "1,2";
			};
			name = Debug;
		};
		6262028F217821EB00DD07FD /* Release */ = {
			isa = XCBuildConfiguration;
			buildSettings = {
				ASSETCATALOG_COMPILER_APPICON_NAME = AppIcon;
				CODE_SIGN_STYLE = Automatic;
				DEVELOPMENT_TEAM = BXYZ6UQ8JY;
				INFOPLIST_FILE = WebViewShareFile/Info.plist;
				LD_RUNPATH_SEARCH_PATHS = (
					"$(inherited)",
					"@executable_path/Frameworks",
				);
				PRODUCT_BUNDLE_IDENTIFIER = Reason.WebViewShareFile;
				PRODUCT_NAME = "$(TARGET_NAME)";
				TARGETED_DEVICE_FAMILY = "1,2";
			};
			name = Release;
		};
/* End XCBuildConfiguration section */

/* Begin XCConfigurationList section */
		62620272217821E900DD07FD /* Build configuration list for PBXProject "WebViewShareFile" */ = {
			isa = XCConfigurationList;
			buildConfigurations = (
				6262028B217821EB00DD07FD /* Debug */,
				6262028C217821EB00DD07FD /* Release */,
			);
			defaultConfigurationIsVisible = 0;
			defaultConfigurationName = Release;
		};
		6262028D217821EB00DD07FD /* Build configuration list for PBXNativeTarget "WebViewShareFile" */ = {
			isa = XCConfigurationList;
			buildConfigurations = (
				6262028E217821EB00DD07FD /* Debug */,
				6262028F217821EB00DD07FD /* Release */,
			);
			defaultConfigurationIsVisible = 0;
			defaultConfigurationName = Release;
		};
/* End XCConfigurationList section */
	};
	rootObject = 6262026F217821E900DD07FD /* Project object */;
}
